
Microsoft Visual Studio Solution File, Format Version 12.00
# Visual Studio 15
VisualStudioVersion = 15.0.26430.16
MinimumVisualStudioVersion = 10.0.40219.1
Project("{FAE04EC0-301F-11D3-BF4B-00C04F79EFBC}") = "DMX512Reciever", "DMX512Reciever\DMX512Reciever.csproj", "{BD6CD575-0261-42C8-BC12-2AC311909BA7}"
EndProject
Global
	GlobalSection(SolutionConfigurationPlatforms) = preSolution
		Debug|Any CPU = Debug|Any CPU
		Release|Any CPU = Release|Any CPU
	EndGlobalSection
	GlobalSection(ProjectConfigurationPlatforms) = postSolution
		{BD6CD575-0261-42C8-BC12-2AC311909BA7}.Debug|Any CPU.ActiveCfg = Debug|Any CPU
		{BD6CD575-0261-42C8-BC12-2AC311909BA7}.Debug|Any CPU.Build.0 = Debug|Any CPU
		{BD6CD575-0261-42C8-BC12-2AC311909BA7}.Release|Any CPU.ActiveCfg = Release|Any CPU
		{BD6CD575-0261-42C8-BC12-2AC311909BA7}.Release|Any CPU.Build.0 = Release|Any CPU
	EndGlobalSection
	GlobalSection(SolutionProperties) = preSolution
		HideSolutionNode = FALSE
	EndGlobalSection
EndGlobal
